Microsoft Visual Studio Solution File, Format Version 12.00
# Visual Studio Version 17
VisualStudioVersion = 17.5.2.0
MinimumVisualStudioVersion = 10.0.40219.1
Project("{FAE04EC0-301F-11D3-BF4B-00C04F79EFBC}") = "clase5_martin", "clase5_martin.csproj", "{36C6DEFA-18C3-B028-9722-5C98214C438E}"
EndProject
Global
	GlobalSection(SolutionConfigurationPlatforms) = preSolution
		Debug|Any CPU = Debug|Any CPU
		Release|Any CPU = Release|Any CPU
	EndGlobalSection
	GlobalSection(ProjectConfigurationPlatforms) = postSolution
		{36C6DEFA-18C3-B028-9722-5C98214C438E}.Debug|Any CPU.ActiveCfg = Debug|Any CPU
		{36C6DEFA-18C3-B028-9722-5C98214C438E}.Debug|Any CPU.Build.0 = Debug|Any CPU
		{36C6DEFA-18C3-B028-9722-5C98214C438E}.Release|Any CPU.ActiveCfg = Release|Any CPU
		{36C6DEFA-18C3-B028-9722-5C98214C438E}.Release|Any CPU.Build.0 = Release|Any CPU
	EndGlobalSection
	GlobalSection(SolutionProperties) = preSolution
		HideSolutionNode = FALSE
	EndGlobalSection
	GlobalSection(ExtensibilityGlobals) = postSolution
		SolutionGuid = {26850743-61AF-4BDE-A23E-A0B49C1896FF}
	EndGlobalSection
EndGlobal
